{
  "object": {
    "pins": [
      {
        "package": "applogger",
        "repositoryURL": "https://github.com/backslash-f/applogger",
        "state": {
          "branch": null,
          "revision": "aa31c2a984e02a211f3e959baa1b2b6becb6327a",
          "version": "1.0.0"
        }
      },
      {
        "package": "gcoverseer",
        "repositoryURL": "https://github.com/backslash-f/gcoverseer",
        "state": {
          "branch": null,
          "revision": "908810d48f09bc62842290997177212d77296f2f",
          "version": "0.2.2"
        }
      }
    ]
  },
  "version": 1
}
